
Microsoft Visual Studio Solution File, Format Version 12.00
# Visual Studio Version 16
VisualStudioVersion = 16.0.29613.14
MinimumVisualStudioVersion = 10.0.40219.1
Project("{FAE04EC0-301F-11D3-BF4B-00C04F79EFBC}") = "MD2.0ffline", "MD2.0ffline\MD2.0ffline.csproj", "{D0FE6AEF-A410-4AB2-8D27-943225BE383C}"
EndProject
Global
	GlobalSection(SolutionConfigurationPlatforms) = preSolution
		Debug|Any CPU = Debug|Any CPU
		Release|Any CPU = Release|Any CPU
	EndGlobalSection
	GlobalSection(ProjectConfigurationPlatforms) = postSolution
		{D0FE6AEF-A410-4AB2-8D27-943225BE383C}.Debug|Any CPU.ActiveCfg = Debug|Any CPU
		{D0FE6AEF-A410-4AB2-8D27-943225BE383C}.Debug|Any CPU.Build.0 = Debug|Any CPU
		{D0FE6AEF-A410-4AB2-8D27-943225BE383C}.Release|Any CPU.ActiveCfg = Release|Any CPU
		{D0FE6AEF-A410-4AB2-8D27-943225BE383C}.Release|Any CPU.Build.0 = Release|Any CPU
	EndGlobalSection
	GlobalSection(SolutionProperties) = preSolution
		HideSolutionNode = FALSE
	EndGlobalSection
	GlobalSection(ExtensibilityGlobals) = postSolution
		SolutionGuid = {0F56308D-6630-48DA-A6E8-F20ED06B81A4}
	EndGlobalSection
EndGlobal
